
Microsoft Visual Studio Solution File, Format Version 12.00
# Visual Studio Version 17
VisualStudioVersion = 17.5.33414.496
MinimumVisualStudioVersion = 10.0.40219.1
Project("{FAE04EC0-301F-11D3-BF4B-00C04F79EFBC}") = "ReadCard", "ReadCard\ReadCard.csproj", "{C8F14EB2-190B-4371-B76B-3878E2DD30A2}"
EndProject
Global
	GlobalSection(SolutionConfigurationPlatforms) = preSolution
		Debug|Any CPU = Debug|Any CPU
		Release|Any CPU = Release|Any CPU
	EndGlobalSection
	GlobalSection(ProjectConfigurationPlatforms) = postSolution
		{C8F14EB2-190B-4371-B76B-3878E2DD30A2}.Debug|Any CPU.ActiveCfg = Debug|Any CPU
		{C8F14EB2-190B-4371-B76B-3878E2DD30A2}.Debug|Any CPU.Build.0 = Debug|Any CPU
		{C8F14EB2-190B-4371-B76B-3878E2DD30A2}.Release|Any CPU.ActiveCfg = Release|Any CPU
		{C8F14EB2-190B-4371-B76B-3878E2DD30A2}.Release|Any CPU.Build.0 = Release|Any CPU
	EndGlobalSection
	GlobalSection(SolutionProperties) = preSolution
		HideSolutionNode = FALSE
	EndGlobalSection
	GlobalSection(ExtensibilityGlobals) = postSolution
		SolutionGuid = {D0632261-BFFD-44B0-82B9-FD920C41F046}
	EndGlobalSection
EndGlobal
